
Microsoft Visual Studio Solution File, Format Version 12.00
# Visual Studio 14
VisualStudioVersion = 14.0.25420.1
MinimumVisualStudioVersion = 10.0.40219.1
Project("{FAE04EC0-301F-11D3-BF4B-00C04F79EFBC}") = "Assignment1", "Assignment1\Assignment1.csproj", "{C89FAA47-B93F-49B0-AA7C-7B4CA92404EA}"
EndProject
Project("{FAE04EC0-301F-11D3-BF4B-00C04F79EFBC}") = "Assignment2", "AcceptString\Assignment2.csproj", "{C8D0EE50-DECD-4498-AE75-21684C6EC23F}"
EndProject
Project("{FAE04EC0-301F-11D3-BF4B-00C04F79EFBC}") = "Assignment3", "Assignment3\Assignment3.csproj", "{AE04728A-AD2E-4AD3-862D-485CA7E30EBA}"
EndProject
Global
	GlobalSection(SolutionConfigurationPlatforms) = preSolution
		Debug|Any CPU = Debug|Any CPU
		Release|Any CPU = Release|Any CPU
	EndGlobalSection
	GlobalSection(ProjectConfigurationPlatforms) = postSolution
		{C89FAA47-B93F-49B0-AA7C-7B4CA92404EA}.Debug|Any CPU.ActiveCfg = Debug|Any CPU
		{C89FAA47-B93F-49B0-AA7C-7B4CA92404EA}.Debug|Any CPU.Build.0 = Debug|Any CPU
		{C89FAA47-B93F-49B0-AA7C-7B4CA92404EA}.Release|Any CPU.ActiveCfg = Release|Any CPU
		{C89FAA47-B93F-49B0-AA7C-7B4CA92404EA}.Release|Any CPU.Build.0 = Release|Any CPU
		{C8D0EE50-DECD-4498-AE75-21684C6EC23F}.Debug|Any CPU.ActiveCfg = Debug|Any CPU
		{C8D0EE50-DECD-4498-AE75-21684C6EC23F}.Debug|Any CPU.Build.0 = Debug|Any CPU
		{C8D0EE50-DECD-4498-AE75-21684C6EC23F}.Release|Any CPU.ActiveCfg = Release|Any CPU
		{C8D0EE50-DECD-4498-AE75-21684C6EC23F}.Release|Any CPU.Build.0 = Release|Any CPU
		{AE04728A-AD2E-4AD3-862D-485CA7E30EBA}.Debug|Any CPU.ActiveCfg = Debug|Any CPU
		{AE04728A-AD2E-4AD3-862D-485CA7E30EBA}.Debug|Any CPU.Build.0 = Debug|Any CPU
		{AE04728A-AD2E-4AD3-862D-485CA7E30EBA}.Release|Any CPU.ActiveCfg = Release|Any CPU
		{AE04728A-AD2E-4AD3-862D-485CA7E30EBA}.Release|Any CPU.Build.0 = Release|Any CPU
	EndGlobalSection
	GlobalSection(SolutionProperties) = preSolution
		HideSolutionNode = FALSE
	EndGlobalSection
EndGlobal
